
Microsoft Visual Studio Solution File, Format Version 12.00
# Visual Studio 15
VisualStudioVersion = 15.0.27130.2010
MinimumVisualStudioVersion = 10.0.40219.1
Project("{9A19103F-16F7-4668-BE54-9A1E7A4F7556}") = "dogapi-SofiaZaid", "..\dogapi-SofiaZaid.csproj", "{6706A3AD-92EF-4C9F-8DF0-27BBBACBAD51}"
EndProject
Global
	GlobalSection(SolutionConfigurationPlatforms) = preSolution
		Debug|Any CPU = Debug|Any CPU
		Release|Any CPU = Release|Any CPU
	EndGlobalSection
	GlobalSection(ProjectConfigurationPlatforms) = postSolution
		{6706A3AD-92EF-4C9F-8DF0-27BBBACBAD51}.Debug|Any CPU.ActiveCfg = Debug|Any CPU
		{6706A3AD-92EF-4C9F-8DF0-27BBBACBAD51}.Debug|Any CPU.Build.0 = Debug|Any CPU
		{6706A3AD-92EF-4C9F-8DF0-27BBBACBAD51}.Release|Any CPU.ActiveCfg = Release|Any CPU
		{6706A3AD-92EF-4C9F-8DF0-27BBBACBAD51}.Release|Any CPU.Build.0 = Release|Any CPU
	EndGlobalSection
	GlobalSection(SolutionProperties) = preSolution
		HideSolutionNode = FALSE
	EndGlobalSection
	GlobalSection(ExtensibilityGlobals) = postSolution
		SolutionGuid = {DD348660-35BC-4182-846F-3D6DE990EF9D}
	EndGlobalSection
EndGlobal
